
Microsoft Visual Studio Solution File, Format Version 12.00
# Visual Studio Version 16
VisualStudioVersion = 16.0.29424.173
MinimumVisualStudioVersion = 10.0.40219.1
Project("{FAE04EC0-301F-11D3-BF4B-00C04F79EFBC}") = "Reaktionsspiel", "Reaktionsspiel\Reaktionsspiel.csproj", "{A4971F9F-CF7D-4548-A927-5A33A69E4BBA}"
EndProject
Global
	GlobalSection(SolutionConfigurationPlatforms) = preSolution
		Debug|Any CPU = Debug|Any CPU
		Release|Any CPU = Release|Any CPU
	EndGlobalSection
	GlobalSection(ProjectConfigurationPlatforms) = postSolution
		{A4971F9F-CF7D-4548-A927-5A33A69E4BBA}.Debug|Any CPU.ActiveCfg = Debug|Any CPU
		{A4971F9F-CF7D-4548-A927-5A33A69E4BBA}.Debug|Any CPU.Build.0 = Debug|Any CPU
		{A4971F9F-CF7D-4548-A927-5A33A69E4BBA}.Release|Any CPU.ActiveCfg = Release|Any CPU
		{A4971F9F-CF7D-4548-A927-5A33A69E4BBA}.Release|Any CPU.Build.0 = Release|Any CPU
	EndGlobalSection
	GlobalSection(SolutionProperties) = preSolution
		HideSolutionNode = FALSE
	EndGlobalSection
	GlobalSection(ExtensibilityGlobals) = postSolution
		SolutionGuid = {114D5852-7E9C-4C53-A07F-2517C2D0D2B4}
	EndGlobalSection
EndGlobal
